
Microsoft Visual Studio Solution File, Format Version 12.00
# Visual Studio 15
VisualStudioVersion = 15.0.26430.15
MinimumVisualStudioVersion = 10.0.40219.1
Project("{FAE04EC0-301F-11D3-BF4B-00C04F79EFBC}") = "Modul2", "Modul2\Modul2.csproj", "{7272442F-5FFB-4ABD-AC1A-BF0A9261C309}"
EndProject
Project("{FAE04EC0-301F-11D3-BF4B-00C04F79EFBC}") = "ReadFromCommandLine", "ReadFromCommandLine\ReadFromCommandLine.csproj", "{769270FB-D3D0-4922-84F3-E40DEBB9505A}"
EndProject
Project("{FAE04EC0-301F-11D3-BF4B-00C04F79EFBC}") = "Tasks", "Tasks\Tasks.csproj", "{4C16E894-8114-4ACD-8A70-5B3A4927EB9A}"
EndProject
Project("{FAE04EC0-301F-11D3-BF4B-00C04F79EFBC}") = "TableProject", "TableProject\TableProject.csproj", "{F4CBF17D-7B11-4E0D-9C5D-62AF68075F94}"
EndProject
Global
	GlobalSection(SolutionConfigurationPlatforms) = preSolution
		Debug|Any CPU = Debug|Any CPU
		Release|Any CPU = Release|Any CPU
	EndGlobalSection
	GlobalSection(ProjectConfigurationPlatforms) = postSolution
		{7272442F-5FFB-4ABD-AC1A-BF0A9261C309}.Debug|Any CPU.ActiveCfg = Debug|Any CPU
		{7272442F-5FFB-4ABD-AC1A-BF0A9261C309}.Debug|Any CPU.Build.0 = Debug|Any CPU
		{7272442F-5FFB-4ABD-AC1A-BF0A9261C309}.Release|Any CPU.ActiveCfg = Release|Any CPU
		{7272442F-5FFB-4ABD-AC1A-BF0A9261C309}.Release|Any CPU.Build.0 = Release|Any CPU
		{769270FB-D3D0-4922-84F3-E40DEBB9505A}.Debug|Any CPU.ActiveCfg = Debug|Any CPU
		{769270FB-D3D0-4922-84F3-E40DEBB9505A}.Debug|Any CPU.Build.0 = Debug|Any CPU
		{769270FB-D3D0-4922-84F3-E40DEBB9505A}.Release|Any CPU.ActiveCfg = Release|Any CPU
		{769270FB-D3D0-4922-84F3-E40DEBB9505A}.Release|Any CPU.Build.0 = Release|Any CPU
		{4C16E894-8114-4ACD-8A70-5B3A4927EB9A}.Debug|Any CPU.ActiveCfg = Debug|Any CPU
		{4C16E894-8114-4ACD-8A70-5B3A4927EB9A}.Debug|Any CPU.Build.0 = Debug|Any CPU
		{4C16E894-8114-4ACD-8A70-5B3A4927EB9A}.Release|Any CPU.ActiveCfg = Release|Any CPU
		{4C16E894-8114-4ACD-8A70-5B3A4927EB9A}.Release|Any CPU.Build.0 = Release|Any CPU
		{F4CBF17D-7B11-4E0D-9C5D-62AF68075F94}.Debug|Any CPU.ActiveCfg = Debug|Any CPU
		{F4CBF17D-7B11-4E0D-9C5D-62AF68075F94}.Debug|Any CPU.Build.0 = Debug|Any CPU
		{F4CBF17D-7B11-4E0D-9C5D-62AF68075F94}.Release|Any CPU.ActiveCfg = Release|Any CPU
		{F4CBF17D-7B11-4E0D-9C5D-62AF68075F94}.Release|Any CPU.Build.0 = Release|Any CPU
	EndGlobalSection
	GlobalSection(SolutionProperties) = preSolution
		HideSolutionNode = FALSE
	EndGlobalSection
EndGlobal
