
Microsoft Visual Studio Solution File, Format Version 12.00
# Visual Studio 15
VisualStudioVersion = 15.0.26430.15
MinimumVisualStudioVersion = 10.0.40219.1
Project("{FAE04EC0-301F-11D3-BF4B-00C04F79EFBC}") = "Modul3", "Modul3\Modul3.csproj", "{0D188EA1-184F-4E95-9C6F-2E4F9A8FF95F}"
EndProject
Project("{FAE04EC0-301F-11D3-BF4B-00C04F79EFBC}") = "BoolExplore", "BoolExplore\BoolExplore.csproj", "{CDEF6C13-88F9-418C-85CD-8ABE02EEBA9E}"
EndProject
Project("{FAE04EC0-301F-11D3-BF4B-00C04F79EFBC}") = "Tasks", "Tasks\Tasks.csproj", "{931C88A9-88FD-4D23-B841-19B0E99384F4}"
EndProject
Project("{FAE04EC0-301F-11D3-BF4B-00C04F79EFBC}") = "BoolExplore2", "BoolExplore2\BoolExplore2.csproj", "{5ED76246-E447-4B1D-93B1-3E21297BC6A8}"
EndProject
Global
	GlobalSection(SolutionConfigurationPlatforms) = preSolution
		Debug|Any CPU = Debug|Any CPU
		Release|Any CPU = Release|Any CPU
	EndGlobalSection
	GlobalSection(ProjectConfigurationPlatforms) = postSolution
		{0D188EA1-184F-4E95-9C6F-2E4F9A8FF95F}.Debug|Any CPU.ActiveCfg = Debug|Any CPU
		{0D188EA1-184F-4E95-9C6F-2E4F9A8FF95F}.Debug|Any CPU.Build.0 = Debug|Any CPU
		{0D188EA1-184F-4E95-9C6F-2E4F9A8FF95F}.Release|Any CPU.ActiveCfg = Release|Any CPU
		{0D188EA1-184F-4E95-9C6F-2E4F9A8FF95F}.Release|Any CPU.Build.0 = Release|Any CPU
		{CDEF6C13-88F9-418C-85CD-8ABE02EEBA9E}.Debug|Any CPU.ActiveCfg = Debug|Any CPU
		{CDEF6C13-88F9-418C-85CD-8ABE02EEBA9E}.Debug|Any CPU.Build.0 = Debug|Any CPU
		{CDEF6C13-88F9-418C-85CD-8ABE02EEBA9E}.Release|Any CPU.ActiveCfg = Release|Any CPU
		{CDEF6C13-88F9-418C-85CD-8ABE02EEBA9E}.Release|Any CPU.Build.0 = Release|Any CPU
		{931C88A9-88FD-4D23-B841-19B0E99384F4}.Debug|Any CPU.ActiveCfg = Debug|Any CPU
		{931C88A9-88FD-4D23-B841-19B0E99384F4}.Debug|Any CPU.Build.0 = Debug|Any CPU
		{931C88A9-88FD-4D23-B841-19B0E99384F4}.Release|Any CPU.ActiveCfg = Release|Any CPU
		{931C88A9-88FD-4D23-B841-19B0E99384F4}.Release|Any CPU.Build.0 = Release|Any CPU
		{5ED76246-E447-4B1D-93B1-3E21297BC6A8}.Debug|Any CPU.ActiveCfg = Debug|Any CPU
		{5ED76246-E447-4B1D-93B1-3E21297BC6A8}.Debug|Any CPU.Build.0 = Debug|Any CPU
		{5ED76246-E447-4B1D-93B1-3E21297BC6A8}.Release|Any CPU.ActiveCfg = Release|Any CPU
		{5ED76246-E447-4B1D-93B1-3E21297BC6A8}.Release|Any CPU.Build.0 = Release|Any CPU
	EndGlobalSection
	GlobalSection(SolutionProperties) = preSolution
		HideSolutionNode = FALSE
	EndGlobalSection
EndGlobal
